
Microsoft Visual Studio Solution File, Format Version 12.00
# Visual Studio 15
VisualStudioVersion = 15.0.27703.2035
MinimumVisualStudioVersion = 10.0.40219.1
Project("{FAE04EC0-301F-11D3-BF4B-00C04F79EFBC}") = "FastWater", "FastWater\FastWater.csproj", "{D6EB9CEC-24AE-421A-BED5-B8E8A9143A8C}"
EndProject
Global
	GlobalSection(SolutionConfigurationPlatforms) = preSolution
		Debug|Any CPU = Debug|Any CPU
		Release|Any CPU = Release|Any CPU
	EndGlobalSection
	GlobalSection(ProjectConfigurationPlatforms) = postSolution
		{D6EB9CEC-24AE-421A-BED5-B8E8A9143A8C}.Debug|Any CPU.ActiveCfg = Debug|Any CPU
		{D6EB9CEC-24AE-421A-BED5-B8E8A9143A8C}.Debug|Any CPU.Build.0 = Debug|Any CPU
		{D6EB9CEC-24AE-421A-BED5-B8E8A9143A8C}.Release|Any CPU.ActiveCfg = Release|Any CPU
		{D6EB9CEC-24AE-421A-BED5-B8E8A9143A8C}.Release|Any CPU.Build.0 = Release|Any CPU
	EndGlobalSection
	GlobalSection(SolutionProperties) = preSolution
		HideSolutionNode = FALSE
	EndGlobalSection
	GlobalSection(ExtensibilityGlobals) = postSolution
		SolutionGuid = {172792A7-D7B5-4493-95F5-75D87EF9359D}
	EndGlobalSection
EndGlobal
